// !$*UTF8*$!
{
	archiveVersion = 1;
	classes = {
	};
	objectVersion = 56;
	objects = {

/* Begin PBXBuildFile section */
		3C0672952AD4F990009544C4 /* UtilFacade.swift in Sources */ = {isa = PBXBuildFile; fileRef = 3C0672942AD4F990009544C4 /* UtilFacade.swift */; };
		3C0672972AD505EF009544C4 /* GradientColorPickerView.swift in Sources */ = {isa = PBXBuildFile; fileRef = 3C0672962AD505EF009544C4 /* GradientColorPickerView.swift */; };
		3C0672992AD51C06009544C4 /* LoadingView.swift in Sources */ = {isa = PBXBuildFile; fileRef = 3C0672982AD51C06009544C4 /* LoadingView.swift */; };
		3C06729B2AD52233009544C4 /* MarketCoinsLoading.swift in Sources */ = {isa = PBXBuildFile; fileRef = 3C06729A2AD52233009544C4 /* MarketCoinsLoading.swift */; };
		3C1203292AAB51F1000FEBA8 /* CurrentDataModel.swift in Sources */ = {isa = PBXBuildFile; fileRef = 3C1203282AAB51F1000FEBA8 /* CurrentDataModel.swift */; };
		3C12032B2AAB5375000FEBA8 /* ImageModel.swift in Sources */ = {isa = PBXBuildFile; fileRef = 3C12032A2AAB5375000FEBA8 /* ImageModel.swift */; };
		3C12032D2AAB5398000FEBA8 /* MarketDataModel.swift in Sources */ = {isa = PBXBuildFile; fileRef = 3C12032C2AAB5398000FEBA8 /* MarketDataModel.swift */; };
		3C12032F2AAB5A11000FEBA8 /* MarketChartModel.swift in Sources */ = {isa = PBXBuildFile; fileRef = 3C12032E2AAB5A11000FEBA8 /* MarketChartModel.swift */; };
		3C1203312AAB5B44000FEBA8 /* GlobalModel.swift in Sources */ = {isa = PBXBuildFile; fileRef = 3C1203302AAB5B44000FEBA8 /* GlobalModel.swift */; };
		3C1203332AAB5B7C000FEBA8 /* CryptocurrencyModel.swift in Sources */ = {isa = PBXBuildFile; fileRef = 3C1203322AAB5B7C000FEBA8 /* CryptocurrencyModel.swift */; };
		3C1203362AAB5EAE000FEBA8 /* GenericDataProvider.swift in Sources */ = {isa = PBXBuildFile; fileRef = 3C1203352AAB5EAE000FEBA8 /* GenericDataProvider.swift */; };
		3C12033B2AAB5EFB000FEBA8 /* API.swift in Sources */ = {isa = PBXBuildFile; fileRef = 3C12033A2AAB5EFB000FEBA8 /* API.swift */; };
		3C12033D2AAB60EB000FEBA8 /* GenericStore.swift in Sources */ = {isa = PBXBuildFile; fileRef = 3C12033C2AAB60EB000FEBA8 /* GenericStore.swift */; };
		3C12033F2AAB6458000FEBA8 /* Extension.swift in Sources */ = {isa = PBXBuildFile; fileRef = 3C12033E2AAB6458000FEBA8 /* Extension.swift */; };
		3C1203412AAB66EB000FEBA8 /* CoinsRouter.swift in Sources */ = {isa = PBXBuildFile; fileRef = 3C1203402AAB66EB000FEBA8 /* CoinsRouter.swift */; };
		3C1203432AAB66FC000FEBA8 /* GlobalRouter.swift in Sources */ = {isa = PBXBuildFile; fileRef = 3C1203422AAB66FC000FEBA8 /* GlobalRouter.swift */; };
		3C1203452AAB6EBD000FEBA8 /* CoinsStore.swift in Sources */ = {isa = PBXBuildFile; fileRef = 3C1203442AAB6EBD000FEBA8 /* CoinsStore.swift */; };
		3C1203472AAB6ECD000FEBA8 /* GlobalStore.swift in Sources */ = {isa = PBXBuildFile; fileRef = 3C1203462AAB6ECD000FEBA8 /* GlobalStore.swift */; };
		3C12034A2AAB752B000FEBA8 /* ListCoinsDataProvider.swift in Sources */ = {isa = PBXBuildFile; fileRef = 3C1203492AAB752B000FEBA8 /* ListCoinsDataProvider.swift */; };
		3C12034D2AAB7931000FEBA8 /* GlobalValuesDataProvider.swift in Sources */ = {isa = PBXBuildFile; fileRef = 3C12034C2AAB7931000FEBA8 /* GlobalValuesDataProvider.swift */; };
		3C1C370D2AAD7707009F1A4C /* GlobalValuesViewCell.swift in Sources */ = {isa = PBXBuildFile; fileRef = 3C1C370C2AAD7707009F1A4C /* GlobalValuesViewCell.swift */; };
		3C1C370F2AAD7720009F1A4C /* FilterViewCell.swift in Sources */ = {isa = PBXBuildFile; fileRef = 3C1C370E2AAD7720009F1A4C /* FilterViewCell.swift */; };
		3C1C37112AAD7749009F1A4C /* CoinViewCell.swift in Sources */ = {isa = PBXBuildFile; fileRef = 3C1C37102AAD7749009F1A4C /* CoinViewCell.swift */; };
		3C1C37132AAD8307009F1A4C /* CoinHeaderView.xib in Resources */ = {isa = PBXBuildFile; fileRef = 3C1C37122AAD8307009F1A4C /* CoinHeaderView.xib */; };
		3C1C37152AAD835F009F1A4C /* CoinHeaderView.swift in Sources */ = {isa = PBXBuildFile; fileRef = 3C1C37142AAD835F009F1A4C /* CoinHeaderView.swift */; };
		3C1C37172AAD9048009F1A4C /* FiltersView.swift in Sources */ = {isa = PBXBuildFile; fileRef = 3C1C37162AAD9048009F1A4C /* FiltersView.swift */; };
		3C1C37192AAD9D45009F1A4C /* FiltersUtils.swift in Sources */ = {isa = PBXBuildFile; fileRef = 3C1C37182AAD9D45009F1A4C /* FiltersUtils.swift */; };
		3CA704EB2ABEA56700951040 /* BaseViewController.swift in Sources */ = {isa = PBXBuildFile; fileRef = 3CA704EA2ABEA56700951040 /* BaseViewController.swift */; };
		3CB551742AACBE6E007F6ABE /* CoinsListPresenter.swift in Sources */ = {isa = PBXBuildFile; fileRef = 3CB5516E2AACBE6E007F6ABE /* CoinsListPresenter.swift */; };
		3CB551752AACBE6E007F6ABE /* CoinsListWorker.swift in Sources */ = {isa = PBXBuildFile; fileRef = 3CB5516F2AACBE6E007F6ABE /* CoinsListWorker.swift */; };
		3CB551762AACBE6E007F6ABE /* CoinsListRouter.swift in Sources */ = {isa = PBXBuildFile; fileRef = 3CB551702AACBE6E007F6ABE /* CoinsListRouter.swift */; };
		3CB551772AACBE6E007F6ABE /* CoinsListModels.swift in Sources */ = {isa = PBXBuildFile; fileRef = 3CB551712AACBE6E007F6ABE /* CoinsListModels.swift */; };
		3CB551782AACBE6E007F6ABE /* CoinsListViewController.swift in Sources */ = {isa = PBXBuildFile; fileRef = 3CB551722AACBE6E007F6ABE /* CoinsListViewController.swift */; };
		3CB551792AACBE6E007F6ABE /* CoinsListInteractor.swift in Sources */ = {isa = PBXBuildFile; fileRef = 3CB551732AACBE6E007F6ABE /* CoinsListInteractor.swift */; };
		3CB5517B2AACC383007F6ABE /* GlobalValuesWorker.swift in Sources */ = {isa = PBXBuildFile; fileRef = 3CB5517A2AACC383007F6ABE /* GlobalValuesWorker.swift */; };
		3CB5517D2AACC40B007F6ABE /* CryptocurrenciesError.swift in Sources */ = {isa = PBXBuildFile; fileRef = 3CB5517C2AACC40B007F6ABE /* CryptocurrenciesError.swift */; };
		3CB6FFDA2AD1A7890025C352 /* DateValueFormatter.swift in Sources */ = {isa = PBXBuildFile; fileRef = 3CB6FFD92AD1A7880025C352 /* DateValueFormatter.swift */; };
		3CBA15ED2ABFFF97009E6404 /* CoinPresenter.swift in Sources */ = {isa = PBXBuildFile; fileRef = 3CBA15E72ABFFF97009E6404 /* CoinPresenter.swift */; };
		3CBA15EE2ABFFF97009E6404 /* CoinWorker.swift in Sources */ = {isa = PBXBuildFile; fileRef = 3CBA15E82ABFFF97009E6404 /* CoinWorker.swift */; };
		3CBA15EF2ABFFF97009E6404 /* CoinRouter.swift in Sources */ = {isa = PBXBuildFile; fileRef = 3CBA15E92ABFFF97009E6404 /* CoinRouter.swift */; };
		3CBA15F02ABFFF97009E6404 /* CoinModels.swift in Sources */ = {isa = PBXBuildFile; fileRef = 3CBA15EA2ABFFF97009E6404 /* CoinModels.swift */; };
		3CBA15F12ABFFF97009E6404 /* CoinViewController.swift in Sources */ = {isa = PBXBuildFile; fileRef = 3CBA15EB2ABFFF97009E6404 /* CoinViewController.swift */; };
		3CBA15F22ABFFF97009E6404 /* CoinInteractor.swift in Sources */ = {isa = PBXBuildFile; fileRef = 3CBA15EC2ABFFF97009E6404 /* CoinInteractor.swift */; };
		3CCB79AC2ACBB9EC00176403 /* MarketChartDataWoker.swift in Sources */ = {isa = PBXBuildFile; fileRef = 3CCB79AB2ACBB9EC00176403 /* MarketChartDataWoker.swift */; };
		3CCB79AE2ACBBAA500176403 /* OHLCWorker.swift in Sources */ = {isa = PBXBuildFile; fileRef = 3CCB79AD2ACBBAA500176403 /* OHLCWorker.swift */; };
		3CCB79B02ACBC12400176403 /* CurrentDataDataProvider.swift in Sources */ = {isa = PBXBuildFile; fileRef = 3CCB79AF2ACBC12300176403 /* CurrentDataDataProvider.swift */; };
		3CCB79B22ACBC14A00176403 /* MarketChartDataProvider.swift in Sources */ = {isa = PBXBuildFile; fileRef = 3CCB79B12ACBC14A00176403 /* MarketChartDataProvider.swift */; };
		3CCB79B42ACBC17800176403 /* OHLCDataProvider.swift in Sources */ = {isa = PBXBuildFile; fileRef = 3CCB79B32ACBC17800176403 /* OHLCDataProvider.swift */; };
		3CDFE5512AC5238700AEC85C /* Charts in Frameworks */ = {isa = PBXBuildFile; productRef = 3CDFE5502AC5238700AEC85C /* Charts */; };
		3CEBDF0C2AA7FDD70007A59E /* AppDelegate.swift in Sources */ = {isa = PBXBuildFile; fileRef = 3CEBDF0B2AA7FDD70007A59E /* AppDelegate.swift */; };
		3CEBDF0E2AA7FDD70007A59E /* SceneDelegate.swift in Sources */ = {isa = PBXBuildFile; fileRef = 3CEBDF0D2AA7FDD70007A59E /* SceneDelegate.swift */; };
		3CEBDF132AA7FDD70007A59E /* Main.storyboard in Resources */ = {isa = PBXBuildFile; fileRef = 3CEBDF112AA7FDD70007A59E /* Main.storyboard */; };
		3CEBDF152AA7FDD90007A59E /* Assets.xcassets in Resources */ = {isa = PBXBuildFile; fileRef = 3CEBDF142AA7FDD90007A59E /* Assets.xcassets */; };
		3CEBDF182AA7FDD90007A59E /* LaunchScreen.storyboard in Resources */ = {isa = PBXBuildFile; fileRef = 3CEBDF162AA7FDD90007A59E /* LaunchScreen.storyboard */; };
		3CEBDF232AA7FF610007A59E /* CoinModel.swift in Sources */ = {isa = PBXBuildFile; fileRef = 3CEBDF222AA7FF610007A59E /* CoinModel.swift */; };
/* End PBXBuildFile section */

/* Begin PBXFileReference section */
		3C0672942AD4F990009544C4 /* UtilFacade.swift */ = {isa = PBXFileReference; lastKnownFileType = sourcecode.swift; path = UtilFacade.swift; sourceTree = "<group>"; };
		3C0672962AD505EF009544C4 /* GradientColorPickerView.swift */ = {isa = PBXFileReference; lastKnownFileType = sourcecode.swift; path = GradientColorPickerView.swift; sourceTree = "<group>"; };
		3C0672982AD51C06009544C4 /* LoadingView.swift */ = {isa = PBXFileReference; lastKnownFileType = sourcecode.swift; path = LoadingView.swift; sourceTree = "<group>"; };
		3C06729A2AD52233009544C4 /* MarketCoinsLoading.swift */ = {isa = PBXFileReference; lastKnownFileType = sourcecode.swift; path = MarketCoinsLoading.swift; sourceTree = "<group>"; };
		3C1203282AAB51F1000FEBA8 /* CurrentDataModel.swift */ = {isa = PBXFileReference; lastKnownFileType = sourcecode.swift; path = CurrentDataModel.swift; sourceTree = "<group>"; };
		3C12032A2AAB5375000FEBA8 /* ImageModel.swift */ = {isa = PBXFileReference; lastKnownFileType = sourcecode.swift; path = ImageModel.swift; sourceTree = "<group>"; };
		3C12032C2AAB5398000FEBA8 /* MarketDataModel.swift */ = {isa = PBXFileReference; lastKnownFileType = sourcecode.swift; path = MarketDataModel.swift; sourceTree = "<group>"; };
		3C12032E2AAB5A11000FEBA8 /* MarketChartModel.swift */ = {isa = PBXFileReference; lastKnownFileType = sourcecode.swift; path = MarketChartModel.swift; sourceTree = "<group>"; };
		3C1203302AAB5B44000FEBA8 /* GlobalModel.swift */ = {isa = PBXFileReference; lastKnownFileType = sourcecode.swift; path = GlobalModel.swift; sourceTree = "<group>"; };
		3C1203322AAB5B7C000FEBA8 /* CryptocurrencyModel.swift */ = {isa = PBXFileReference; lastKnownFileType = sourcecode.swift; path = CryptocurrencyModel.swift; sourceTree = "<group>"; };
		3C1203352AAB5EAE000FEBA8 /* GenericDataProvider.swift */ = {isa = PBXFileReference; lastKnownFileType = sourcecode.swift; path = GenericDataProvider.swift; sourceTree = "<group>"; };
		3C12033A2AAB5EFB000FEBA8 /* API.swift */ = {isa = PBXFileReference; lastKnownFileType = sourcecode.swift; path = API.swift; sourceTree = "<group>"; };
		3C12033C2AAB60EB000FEBA8 /* GenericStore.swift */ = {isa = PBXFileReference; lastKnownFileType = sourcecode.swift; path = GenericStore.swift; sourceTree = "<group>"; };
		3C12033E2AAB6458000FEBA8 /* Extension.swift */ = {isa = PBXFileReference; lastKnownFileType = sourcecode.swift; path = Extension.swift; sourceTree = "<group>"; };
		3C1203402AAB66EB000FEBA8 /* CoinsRouter.swift */ = {isa = PBXFileReference; lastKnownFileType = sourcecode.swift; path = CoinsRouter.swift; sourceTree = "<group>"; };
		3C1203422AAB66FC000FEBA8 /* GlobalRouter.swift */ = {isa = PBXFileReference; lastKnownFileType = sourcecode.swift; path = GlobalRouter.swift; sourceTree = "<group>"; };
		3C1203442AAB6EBD000FEBA8 /* CoinsStore.swift */ = {isa = PBXFileReference; lastKnownFileType = sourcecode.swift; path = CoinsStore.swift; sourceTree = "<group>"; };
		3C1203462AAB6ECD000FEBA8 /* GlobalStore.swift */ = {isa = PBXFileReference; lastKnownFileType = sourcecode.swift; path = GlobalStore.swift; sourceTree = "<group>"; };
		3C1203492AAB752B000FEBA8 /* ListCoinsDataProvider.swift */ = {isa = PBXFileReference; lastKnownFileType = sourcecode.swift; path = ListCoinsDataProvider.swift; sourceTree = "<group>"; };
		3C12034C2AAB7931000FEBA8 /* GlobalValuesDataProvider.swift */ = {isa = PBXFileReference; lastKnownFileType = sourcecode.swift; path = GlobalValuesDataProvider.swift; sourceTree = "<group>"; };
		3C1C370C2AAD7707009F1A4C /* GlobalValuesViewCell.swift */ = {isa = PBXFileReference; lastKnownFileType = sourcecode.swift; path = GlobalValuesViewCell.swift; sourceTree = "<group>"; };
		3C1C370E2AAD7720009F1A4C /* FilterViewCell.swift */ = {isa = PBXFileReference; lastKnownFileType = sourcecode.swift; path = FilterViewCell.swift; sourceTree = "<group>"; };
		3C1C37102AAD7749009F1A4C /* CoinViewCell.swift */ = {isa = PBXFileReference; lastKnownFileType = sourcecode.swift; path = CoinViewCell.swift; sourceTree = "<group>"; };
		3C1C37122AAD8307009F1A4C /* CoinHeaderView.xib */ = {isa = PBXFileReference; lastKnownFileType = file.xib; path = CoinHeaderView.xib; sourceTree = "<group>"; };
		3C1C37142AAD835F009F1A4C /* CoinHeaderView.swift */ = {isa = PBXFileReference; lastKnownFileType = sourcecode.swift; path = CoinHeaderView.swift; sourceTree = "<group>"; };
		3C1C37162AAD9048009F1A4C /* FiltersView.swift */ = {isa = PBXFileReference; lastKnownFileType = sourcecode.swift; path = FiltersView.swift; sourceTree = "<group>"; };
		3C1C37182AAD9D45009F1A4C /* FiltersUtils.swift */ = {isa = PBXFileReference; lastKnownFileType = sourcecode.swift; path = FiltersUtils.swift; sourceTree = "<group>"; };
		3CA704EA2ABEA56700951040 /* BaseViewController.swift */ = {isa = PBXFileReference; lastKnownFileType = sourcecode.swift; path = BaseViewController.swift; sourceTree = "<group>"; };
		3CB5516E2AACBE6E007F6ABE /* CoinsListPresenter.swift */ = {isa = PBXFileReference; lastKnownFileType = sourcecode.swift; path = CoinsListPresenter.swift; sourceTree = "<group>"; };
		3CB5516F2AACBE6E007F6ABE /* CoinsListWorker.swift */ = {isa = PBXFileReference; lastKnownFileType = sourcecode.swift; path = CoinsListWorker.swift; sourceTree = "<group>"; };
		3CB551702AACBE6E007F6ABE /* CoinsListRouter.swift */ = {isa = PBXFileReference; lastKnownFileType = sourcecode.swift; path = CoinsListRouter.swift; sourceTree = "<group>"; };
		3CB551712AACBE6E007F6ABE /* CoinsListModels.swift */ = {isa = PBXFileReference; lastKnownFileType = sourcecode.swift; path = CoinsListModels.swift; sourceTree = "<group>"; };
		3CB551722AACBE6E007F6ABE /* CoinsListViewController.swift */ = {isa = PBXFileReference; lastKnownFileType = sourcecode.swift; path = CoinsListViewController.swift; sourceTree = "<group>"; };
		3CB551732AACBE6E007F6ABE /* CoinsListInteractor.swift */ = {isa = PBXFileReference; lastKnownFileType = sourcecode.swift; path = CoinsListInteractor.swift; sourceTree = "<group>"; };
		3CB5517A2AACC383007F6ABE /* GlobalValuesWorker.swift */ = {isa = PBXFileReference; lastKnownFileType = sourcecode.swift; path = GlobalValuesWorker.swift; sourceTree = "<group>"; };
		3CB5517C2AACC40B007F6ABE /* CryptocurrenciesError.swift */ = {isa = PBXFileReference; lastKnownFileType = sourcecode.swift; path = CryptocurrenciesError.swift; sourceTree = "<group>"; };
		3CB6FFD92AD1A7880025C352 /* DateValueFormatter.swift */ = {isa = PBXFileReference; lastKnownFileType = sourcecode.swift; path = DateValueFormatter.swift; sourceTree = "<group>"; };
		3CBA15E72ABFFF97009E6404 /* CoinPresenter.swift */ = {isa = PBXFileReference; lastKnownFileType = sourcecode.swift; path = CoinPresenter.swift; sourceTree = "<group>"; };
		3CBA15E82ABFFF97009E6404 /* CoinWorker.swift */ = {isa = PBXFileReference; lastKnownFileType = sourcecode.swift; path = CoinWorker.swift; sourceTree = "<group>"; };
		3CBA15E92ABFFF97009E6404 /* CoinRouter.swift */ = {isa = PBXFileReference; lastKnownFileType = sourcecode.swift; path = CoinRouter.swift; sourceTree = "<group>"; };
		3CBA15EA2ABFFF97009E6404 /* CoinModels.swift */ = {isa = PBXFileReference; lastKnownFileType = sourcecode.swift; path = CoinModels.swift; sourceTree = "<group>"; };
		3CBA15EB2ABFFF97009E6404 /* CoinViewController.swift */ = {isa = PBXFileReference; lastKnownFileType = sourcecode.swift; path = CoinViewController.swift; sourceTree = "<group>"; };
		3CBA15EC2ABFFF97009E6404 /* CoinInteractor.swift */ = {isa = PBXFileReference; lastKnownFileType = sourcecode.swift; path = CoinInteractor.swift; sourceTree = "<group>"; };
		3CCB79AB2ACBB9EC00176403 /* MarketChartDataWoker.swift */ = {isa = PBXFileReference; lastKnownFileType = sourcecode.swift; path = MarketChartDataWoker.swift; sourceTree = "<group>"; };
		3CCB79AD2ACBBAA500176403 /* OHLCWorker.swift */ = {isa = PBXFileReference; lastKnownFileType = sourcecode.swift; path = OHLCWorker.swift; sourceTree = "<group>"; };
		3CCB79AF2ACBC12300176403 /* CurrentDataDataProvider.swift */ = {isa = PBXFileReference; lastKnownFileType = sourcecode.swift; path = CurrentDataDataProvider.swift; sourceTree = "<group>"; };
		3CCB79B12ACBC14A00176403 /* MarketChartDataProvider.swift */ = {isa = PBXFileReference; lastKnownFileType = sourcecode.swift; path = MarketChartDataProvider.swift; sourceTree = "<group>"; };
		3CCB79B32ACBC17800176403 /* OHLCDataProvider.swift */ = {isa = PBXFileReference; lastKnownFileType = sourcecode.swift; path = OHLCDataProvider.swift; sourceTree = "<group>"; };
		3CEBDF082AA7FDD70007A59E /* MarketCryptocoins.app */ = {isa = PBXFileReference; explicitFileType = wrapper.application; includeInIndex = 0; path = MarketCryptocoins.app; sourceTree = BUILT_PRODUCTS_DIR; };
		3CEBDF0B2AA7FDD70007A59E /* AppDelegate.swift */ = {isa = PBXFileReference; lastKnownFileType = sourcecode.swift; path = AppDelegate.swift; sourceTree = "<group>"; };
		3CEBDF0D2AA7FDD70007A59E /* SceneDelegate.swift */ = {isa = PBXFileReference; lastKnownFileType = sourcecode.swift; path = SceneDelegate.swift; sourceTree = "<group>"; };
		3CEBDF122AA7FDD70007A59E /* Base */ = {isa = PBXFileReference; lastKnownFileType = file.storyboard; name = Base; path = Base.lproj/Main.storyboard; sourceTree = "<group>"; };
		3CEBDF142AA7FDD90007A59E /* Assets.xcassets */ = {isa = PBXFileReference; lastKnownFileType = folder.assetcatalog; path = Assets.xcassets; sourceTree = "<group>"; };
		3CEBDF172AA7FDD90007A59E /* Base */ = {isa = PBXFileReference; lastKnownFileType = file.storyboard; name = Base; path = Base.lproj/LaunchScreen.storyboard; sourceTree = "<group>"; };
		3CEBDF192AA7FDD90007A59E /* Info.plist */ = {isa = PBXFileReference; lastKnownFileType = text.plist.xml; path = Info.plist; sourceTree = "<group>"; };
		3CEBDF222AA7FF610007A59E /* CoinModel.swift */ = {isa = PBXFileReference; lastKnownFileType = sourcecode.swift; path = CoinModel.swift; sourceTree = "<group>"; };
/* End PBXFileReference section */

/* Begin PBXFrameworksBuildPhase section */
		3CEBDF052AA7FDD70007A59E /* Frameworks */ = {
			isa = PBXFrameworksBuildPhase;
			buildActionMask = 2147483647;
			files = (
				3CDFE5512AC5238700AEC85C /* Charts in Frameworks */,
			);
			runOnlyForDeploymentPostprocessing = 0;
		};
/* End PBXFrameworksBuildPhase section */

/* Begin PBXGroup section */
		3C1203342AAB5E7E000FEBA8 /* NetworkRepository */ = {
			isa = PBXGroup;
			children = (
				3C1203392AAB5EEB000FEBA8 /* Store */,
				3C1203382AAB5EDE000FEBA8 /* Router */,
				3C1203372AAB5ED4000FEBA8 /* API */,
			);
			path = NetworkRepository;
			sourceTree = "<group>";
		};
		3C1203372AAB5ED4000FEBA8 /* API */ = {
			isa = PBXGroup;
			children = (
				3C12033A2AAB5EFB000FEBA8 /* API.swift */,
			);
			path = API;
			sourceTree = "<group>";
		};
		3C1203382AAB5EDE000FEBA8 /* Router */ = {
			isa = PBXGroup;
			children = (
				3C1203402AAB66EB000FEBA8 /* CoinsRouter.swift */,
				3C1203422AAB66FC000FEBA8 /* GlobalRouter.swift */,
			);
			path = Router;
			sourceTree = "<group>";
		};
		3C1203392AAB5EEB000FEBA8 /* Store */ = {
			isa = PBXGroup;
			children = (
				3C12033C2AAB60EB000FEBA8 /* GenericStore.swift */,
				3C1203442AAB6EBD000FEBA8 /* CoinsStore.swift */,
				3C1203462AAB6ECD000FEBA8 /* GlobalStore.swift */,
			);
			path = Store;
			sourceTree = "<group>";
		};
		3C1203482AAB7510000FEBA8 /* CoinsDataProvider */ = {
			isa = PBXGroup;
			children = (
				3C1203492AAB752B000FEBA8 /* ListCoinsDataProvider.swift */,
				3CCB79AF2ACBC12300176403 /* CurrentDataDataProvider.swift */,
				3CCB79B12ACBC14A00176403 /* MarketChartDataProvider.swift */,
				3CCB79B32ACBC17800176403 /* OHLCDataProvider.swift */,
			);
			path = CoinsDataProvider;
			sourceTree = "<group>";
		};
		3C12034B2AAB7914000FEBA8 /* GlobalValuesDataProvider */ = {
			isa = PBXGroup;
			children = (
				3C12034C2AAB7931000FEBA8 /* GlobalValuesDataProvider.swift */,
			);
			path = GlobalValuesDataProvider;
			sourceTree = "<group>";
		};
		3C1C370B2AAD76B1009F1A4C /* Componets */ = {
			isa = PBXGroup;
			children = (
				3C1C370C2AAD7707009F1A4C /* GlobalValuesViewCell.swift */,
				3C1C370E2AAD7720009F1A4C /* FilterViewCell.swift */,
				3C1C37102AAD7749009F1A4C /* CoinViewCell.swift */,
				3C1C37142AAD835F009F1A4C /* CoinHeaderView.swift */,
			);
			path = Componets;
			sourceTree = "<group>";
		};
		3CB5516C2AACBDF0007F6ABE /* Scenes */ = {
			isa = PBXGroup;
			children = (
				3CBA15E62ABFFF4D009E6404 /* Coin */,
				3CB5516D2AACBE05007F6ABE /* CoinsList */,
			);
			path = Scenes;
			sourceTree = "<group>";
		};
		3CB5516D2AACBE05007F6ABE /* CoinsList */ = {
			isa = PBXGroup;
			children = (
				3C1C370B2AAD76B1009F1A4C /* Componets */,
				3CB5516E2AACBE6E007F6ABE /* CoinsListPresenter.swift */,
				3CB5516F2AACBE6E007F6ABE /* CoinsListWorker.swift */,
				3CB5517A2AACC383007F6ABE /* GlobalValuesWorker.swift */,
				3CB551702AACBE6E007F6ABE /* CoinsListRouter.swift */,
				3CB551712AACBE6E007F6ABE /* CoinsListModels.swift */,
				3CB551722AACBE6E007F6ABE /* CoinsListViewController.swift */,
				3CB551732AACBE6E007F6ABE /* CoinsListInteractor.swift */,
			);
			path = CoinsList;
			sourceTree = "<group>";
		};
		3CBA15E62ABFFF4D009E6404 /* Coin */ = {
			isa = PBXGroup;
			children = (
				3CBA15E72ABFFF97009E6404 /* CoinPresenter.swift */,
				3CBA15E82ABFFF97009E6404 /* CoinWorker.swift */,
				3CCB79AB2ACBB9EC00176403 /* MarketChartDataWoker.swift */,
				3CCB79AD2ACBBAA500176403 /* OHLCWorker.swift */,
				3CBA15E92ABFFF97009E6404 /* CoinRouter.swift */,
				3CBA15EA2ABFFF97009E6404 /* CoinModels.swift */,
				3CBA15EB2ABFFF97009E6404 /* CoinViewController.swift */,
				3CBA15EC2ABFFF97009E6404 /* CoinInteractor.swift */,
			);
			path = Coin;
			sourceTree = "<group>";
		};
		3CEBDEFF2AA7FDD70007A59E = {
			isa = PBXGroup;
			children = (
				3CEBDF1F2AA7FE660007A59E /* Domain */,
				3CEBDF0A2AA7FDD70007A59E /* MarketCryptocoins */,
				3CEBDF092AA7FDD70007A59E /* Products */,
			);
			sourceTree = "<group>";
		};
		3CEBDF092AA7FDD70007A59E /* Products */ = {
			isa = PBXGroup;
			children = (
				3CEBDF082AA7FDD70007A59E /* MarketCryptocoins.app */,
			);
			name = Products;
			sourceTree = "<group>";
		};
		3CEBDF0A2AA7FDD70007A59E /* MarketCryptocoins */ = {
			isa = PBXGroup;
			children = (
				3CEBDF0B2AA7FDD70007A59E /* AppDelegate.swift */,
				3CEBDF0D2AA7FDD70007A59E /* SceneDelegate.swift */,
				3CEBDF112AA7FDD70007A59E /* Main.storyboard */,
				3CEBDF142AA7FDD90007A59E /* Assets.xcassets */,
				3CEBDF162AA7FDD90007A59E /* LaunchScreen.storyboard */,
				3CEBDF192AA7FDD90007A59E /* Info.plist */,
				3C12033E2AAB6458000FEBA8 /* Extension.swift */,
				3CB5517C2AACC40B007F6ABE /* CryptocurrenciesError.swift */,
				3C1C37122AAD8307009F1A4C /* CoinHeaderView.xib */,
				3C1C37162AAD9048009F1A4C /* FiltersView.swift */,
				3C0672962AD505EF009544C4 /* GradientColorPickerView.swift */,
				3C0672982AD51C06009544C4 /* LoadingView.swift */,
				3C06729A2AD52233009544C4 /* MarketCoinsLoading.swift */,
				3C1C37182AAD9D45009F1A4C /* FiltersUtils.swift */,
				3CA704EA2ABEA56700951040 /* BaseViewController.swift */,
				3CB6FFD92AD1A7880025C352 /* DateValueFormatter.swift */,
				3C0672942AD4F990009544C4 /* UtilFacade.swift */,
			);
			path = MarketCryptocoins;
			sourceTree = "<group>";
		};
		3CEBDF1F2AA7FE660007A59E /* Domain */ = {
			isa = PBXGroup;
			children = (
				3CEBDF212AA7FEA70007A59E /* Models */,
				3CEBDF202AA7FE710007A59E /* DataProvider */,
				3CB5516C2AACBDF0007F6ABE /* Scenes */,
			);
			path = Domain;
			sourceTree = "<group>";
		};
		3CEBDF202AA7FE710007A59E /* DataProvider */ = {
			isa = PBXGroup;
			children = (
				3C12034B2AAB7914000FEBA8 /* GlobalValuesDataProvider */,
				3C1203482AAB7510000FEBA8 /* CoinsDataProvider */,
				3C1203352AAB5EAE000FEBA8 /* GenericDataProvider.swift */,
				3C1203342AAB5E7E000FEBA8 /* NetworkRepository */,
			);
			path = DataProvider;
			sourceTree = "<group>";
		};
		3CEBDF212AA7FEA70007A59E /* Models */ = {
			isa = PBXGroup;
			children = (
				3CEBDF222AA7FF610007A59E /* CoinModel.swift */,
				3C1203282AAB51F1000FEBA8 /* CurrentDataModel.swift */,
				3C12032A2AAB5375000FEBA8 /* ImageModel.swift */,
				3C12032C2AAB5398000FEBA8 /* MarketDataModel.swift */,
				3C12032E2AAB5A11000FEBA8 /* MarketChartModel.swift */,
				3C1203302AAB5B44000FEBA8 /* GlobalModel.swift */,
				3C1203322AAB5B7C000FEBA8 /* CryptocurrencyModel.swift */,
			);
			path = Models;
			sourceTree = "<group>";
		};
/* End PBXGroup section */

/* Begin PBXNativeTarget section */
		3CEBDF072AA7FDD70007A59E /* MarketCryptocoins */ = {
			isa = PBXNativeTarget;
			buildConfigurationList = 3CEBDF1C2AA7FDD90007A59E /* Build configuration list for PBXNativeTarget "MarketCryptocoins" */;
			buildPhases = (
				3CEBDF042AA7FDD70007A59E /* Sources */,
				3CEBDF052AA7FDD70007A59E /* Frameworks */,
				3CEBDF062AA7FDD70007A59E /* Resources */,
			);
			buildRules = (
			);
			dependencies = (
			);
			name = MarketCryptocoins;
			packageProductDependencies = (
				3CDFE5502AC5238700AEC85C /* Charts */,
			);
			productName = MarketCryptocoins;
			productReference = 3CEBDF082AA7FDD70007A59E /* MarketCryptocoins.app */;
			productType = "com.apple.product-type.application";
		};
/* End PBXNativeTarget section */

/* Begin PBXProject section */
		3CEBDF002AA7FDD70007A59E /* Project object */ = {
			isa = PBXProject;
			attributes = {
				BuildIndependentTargetsInParallel = 1;
				LastSwiftUpdateCheck = 1430;
				LastUpgradeCheck = 1430;
				TargetAttributes = {
					3CEBDF072AA7FDD70007A59E = {
						CreatedOnToolsVersion = 14.3.1;
					};
				};
			};
			buildConfigurationList = 3CEBDF032AA7FDD70007A59E /* Build configuration list for PBXProject "MarketCryptocoins" */;
			compatibilityVersion = "Xcode 14.0";
			developmentRegion = en;
			hasScannedForEncodings = 0;
			knownRegions = (
				en,
				Base,
			);
			mainGroup = 3CEBDEFF2AA7FDD70007A59E;
			packageReferences = (
				3CDFE54F2AC5238700AEC85C /* XCRemoteSwiftPackageReference "Charts" */,
			);
			productRefGroup = 3CEBDF092AA7FDD70007A59E /* Products */;
			projectDirPath = "";
			projectRoot = "";
			targets = (
				3CEBDF072AA7FDD70007A59E /* MarketCryptocoins */,
			);
		};
/* End PBXProject section */

/* Begin PBXResourcesBuildPhase section */
		3CEBDF062AA7FDD70007A59E /* Resources */ = {
			isa = PBXResourcesBuildPhase;
			buildActionMask = 2147483647;
			files = (
				3C1C37132AAD8307009F1A4C /* CoinHeaderView.xib in Resources */,
				3CEBDF182AA7FDD90007A59E /* LaunchScreen.storyboard in Resources */,
				3CEBDF152AA7FDD90007A59E /* Assets.xcassets in Resources */,
				3CEBDF132AA7FDD70007A59E /* Main.storyboard in Resources */,
			);
			runOnlyForDeploymentPostprocessing = 0;
		};
/* End PBXResourcesBuildPhase section */

/* Begin PBXSourcesBuildPhase section */
		3CEBDF042AA7FDD70007A59E /* Sources */ = {
			isa = PBXSourcesBuildPhase;
			buildActionMask = 2147483647;
			files = (
				3C1C37172AAD9048009F1A4C /* FiltersView.swift in Sources */,
				3CCB79AC2ACBB9EC00176403 /* MarketChartDataWoker.swift in Sources */,
				3C1C37192AAD9D45009F1A4C /* FiltersUtils.swift in Sources */,
				3CB5517D2AACC40B007F6ABE /* CryptocurrenciesError.swift in Sources */,
				3C1203362AAB5EAE000FEBA8 /* GenericDataProvider.swift in Sources */,
				3CBA15EF2ABFFF97009E6404 /* CoinRouter.swift in Sources */,
				3C12032D2AAB5398000FEBA8 /* MarketDataModel.swift in Sources */,
				3CBA15F12ABFFF97009E6404 /* CoinViewController.swift in Sources */,
				3C1203472AAB6ECD000FEBA8 /* GlobalStore.swift in Sources */,
				3CEBDF232AA7FF610007A59E /* CoinModel.swift in Sources */,
				3CA704EB2ABEA56700951040 /* BaseViewController.swift in Sources */,
				3CB551772AACBE6E007F6ABE /* CoinsListModels.swift in Sources */,
				3CBA15F22ABFFF97009E6404 /* CoinInteractor.swift in Sources */,
				3C1C37152AAD835F009F1A4C /* CoinHeaderView.swift in Sources */,
				3C0672952AD4F990009544C4 /* UtilFacade.swift in Sources */,
				3C06729B2AD52233009544C4 /* MarketCoinsLoading.swift in Sources */,
				3CB6FFDA2AD1A7890025C352 /* DateValueFormatter.swift in Sources */,
				3C1203312AAB5B44000FEBA8 /* GlobalModel.swift in Sources */,
				3CB5517B2AACC383007F6ABE /* GlobalValuesWorker.swift in Sources */,
				3C12032B2AAB5375000FEBA8 /* ImageModel.swift in Sources */,
				3CCB79AE2ACBBAA500176403 /* OHLCWorker.swift in Sources */,
				3C12033D2AAB60EB000FEBA8 /* GenericStore.swift in Sources */,
				3C12034D2AAB7931000FEBA8 /* GlobalValuesDataProvider.swift in Sources */,
				3CB551792AACBE6E007F6ABE /* CoinsListInteractor.swift in Sources */,
				3CBA15ED2ABFFF97009E6404 /* CoinPresenter.swift in Sources */,
				3CB551752AACBE6E007F6ABE /* CoinsListWorker.swift in Sources */,
				3C1203452AAB6EBD000FEBA8 /* CoinsStore.swift in Sources */,
				3C0672992AD51C06009544C4 /* LoadingView.swift in Sources */,
				3CBA15F02ABFFF97009E6404 /* CoinModels.swift in Sources */,
				3C12032F2AAB5A11000FEBA8 /* MarketChartModel.swift in Sources */,
				3CEBDF0C2AA7FDD70007A59E /* AppDelegate.swift in Sources */,
				3C1203412AAB66EB000FEBA8 /* CoinsRouter.swift in Sources */,
				3C1C370D2AAD7707009F1A4C /* GlobalValuesViewCell.swift in Sources */,
				3C12033F2AAB6458000FEBA8 /* Extension.swift in Sources */,
				3C1C370F2AAD7720009F1A4C /* FilterViewCell.swift in Sources */,
				3C1203332AAB5B7C000FEBA8 /* CryptocurrencyModel.swift in Sources */,
				3C1203292AAB51F1000FEBA8 /* CurrentDataModel.swift in Sources */,
				3CB551762AACBE6E007F6ABE /* CoinsListRouter.swift in Sources */,
				3C12033B2AAB5EFB000FEBA8 /* API.swift in Sources */,
				3CCB79B02ACBC12400176403 /* CurrentDataDataProvider.swift in Sources */,
				3CEBDF0E2AA7FDD70007A59E /* SceneDelegate.swift in Sources */,
				3CBA15EE2ABFFF97009E6404 /* CoinWorker.swift in Sources */,
				3CCB79B42ACBC17800176403 /* OHLCDataProvider.swift in Sources */,
				3C1C37112AAD7749009F1A4C /* CoinViewCell.swift in Sources */,
				3CCB79B22ACBC14A00176403 /* MarketChartDataProvider.swift in Sources */,
				3C12034A2AAB752B000FEBA8 /* ListCoinsDataProvider.swift in Sources */,
				3CB551782AACBE6E007F6ABE /* CoinsListViewController.swift in Sources */,
				3C1203432AAB66FC000FEBA8 /* GlobalRouter.swift in Sources */,
				3C0672972AD505EF009544C4 /* GradientColorPickerView.swift in Sources */,
				3CB551742AACBE6E007F6ABE /* CoinsListPresenter.swift in Sources */,
			);
			runOnlyForDeploymentPostprocessing = 0;
		};
/* End PBXSourcesBuildPhase section */

/* Begin PBXVariantGroup section */
		3CEBDF112AA7FDD70007A59E /* Main.storyboard */ = {
			isa = PBXVariantGroup;
			children = (
				3CEBDF122AA7FDD70007A59E /* Base */,
			);
			name = Main.storyboard;
			sourceTree = "<group>";
		};
		3CEBDF162AA7FDD90007A59E /* LaunchScreen.storyboard */ = {
			isa = PBXVariantGroup;
			children = (
				3CEBDF172AA7FDD90007A59E /* Base */,
			);
			name = LaunchScreen.storyboard;
			sourceTree = "<group>";
		};
/* End PBXVariantGroup section */

/* Begin XCBuildConfiguration section */
		3CEBDF1A2AA7FDD90007A59E /* Debug */ = {
			isa = XCBuildConfiguration;
			buildSettings = {
				ALWAYS_SEARCH_USER_PATHS = NO;
				CLANG_ANALYZER_NONNULL = YES;
				CLANG_ANALYZER_NUMBER_OBJECT_CONVERSION = YES_AGGRESSIVE;
				CLANG_CXX_LANGUAGE_STANDARD = "gnu++20";
				CLANG_ENABLE_MODULES = YES;
				CLANG_ENABLE_OBJC_ARC = YES;
				CLANG_ENABLE_OBJC_WEAK = YES;
				CLANG_WARN_BLOCK_CAPTURE_AUTORELEASING = YES;
				CLANG_WARN_BOOL_CONVERSION = YES;
				CLANG_WARN_COMMA = YES;
				CLANG_WARN_CONSTANT_CONVERSION = YES;
				CLANG_WARN_DEPRECATED_OBJC_IMPLEMENTATIONS = YES;
				CLANG_WARN_DIRECT_OBJC_ISA_USAGE = YES_ERROR;
				CLANG_WARN_DOCUMENTATION_COMMENTS = YES;
				CLANG_WARN_EMPTY_BODY = YES;
				CLANG_WARN_ENUM_CONVERSION = YES;
				CLANG_WARN_INFINITE_RECURSION = YES;
				CLANG_WARN_INT_CONVERSION = YES;
				CLANG_WARN_NON_LITERAL_NULL_CONVERSION = YES;
				CLANG_WARN_OBJC_IMPLICIT_RETAIN_SELF = YES;
				CLANG_WARN_OBJC_LITERAL_CONVERSION = YES;
				CLANG_WARN_OBJC_ROOT_CLASS = YES_ERROR;
				CLANG_WARN_QUOTED_INCLUDE_IN_FRAMEWORK_HEADER = YES;
				CLANG_WARN_RANGE_LOOP_ANALYSIS = YES;
				CLANG_WARN_STRICT_PROTOTYPES = YES;
				CLANG_WARN_SUSPICIOUS_MOVE = YES;
				CLANG_WARN_UNGUARDED_AVAILABILITY = YES_AGGRESSIVE;
				CLANG_WARN_UNREACHABLE_CODE = YES;
				CLANG_WARN__DUPLICATE_METHOD_MATCH = YES;
				COPY_PHASE_STRIP = NO;
				DEBUG_INFORMATION_FORMAT = dwarf;
				ENABLE_STRICT_OBJC_MSGSEND = YES;
				ENABLE_TESTABILITY = YES;
				GCC_C_LANGUAGE_STANDARD = gnu11;
				GCC_DYNAMIC_NO_PIC = NO;
				GCC_NO_COMMON_BLOCKS = YES;
				GCC_OPTIMIZATION_LEVEL = 0;
				GCC_PREPROCESSOR_DEFINITIONS = (
					"DEBUG=1",
					"$(inherited)",
				);
				GCC_WARN_64_TO_32_BIT_CONVERSION = YES;
				GCC_WARN_ABOUT_RETURN_TYPE = YES_ERROR;
				GCC_WARN_UNDECLARED_SELECTOR = YES;
				GCC_WARN_UNINITIALIZED_AUTOS = YES_AGGRESSIVE;
				GCC_WARN_UNUSED_FUNCTION = YES;
				GCC_WARN_UNUSED_VARIABLE = YES;
				IPHONEOS_DEPLOYMENT_TARGET = 16.4;
				MTL_ENABLE_DEBUG_INFO = INCLUDE_SOURCE;
				MTL_FAST_MATH = YES;
				ONLY_ACTIVE_ARCH = YES;
				SDKROOT = iphoneos;
				SWIFT_ACTIVE_COMPILATION_CONDITIONS = DEBUG;
				SWIFT_OPTIMIZATION_LEVEL = "-Onone";
			};
			name = Debug;
		};
		3CEBDF1B2AA7FDD90007A59E /* Release */ = {
			isa = XCBuildConfiguration;
			buildSettings = {
				ALWAYS_SEARCH_USER_PATHS = NO;
				CLANG_ANALYZER_NONNULL = YES;
				CLANG_ANALYZER_NUMBER_OBJECT_CONVERSION = YES_AGGRESSIVE;
				CLANG_CXX_LANGUAGE_STANDARD = "gnu++20";
				CLANG_ENABLE_MODULES = YES;
				CLANG_ENABLE_OBJC_ARC = YES;
				CLANG_ENABLE_OBJC_WEAK = YES;
				CLANG_WARN_BLOCK_CAPTURE_AUTORELEASING = YES;
				CLANG_WARN_BOOL_CONVERSION = YES;
				CLANG_WARN_COMMA = YES;
				CLANG_WARN_CONSTANT_CONVERSION = YES;
				CLANG_WARN_DEPRECATED_OBJC_IMPLEMENTATIONS = YES;
				CLANG_WARN_DIRECT_OBJC_ISA_USAGE = YES_ERROR;
				CLANG_WARN_DOCUMENTATION_COMMENTS = YES;
				CLANG_WARN_EMPTY_BODY = YES;
				CLANG_WARN_ENUM_CONVERSION = YES;
				CLANG_WARN_INFINITE_RECURSION = YES;
				CLANG_WARN_INT_CONVERSION = YES;
				CLANG_WARN_NON_LITERAL_NULL_CONVERSION = YES;
				CLANG_WARN_OBJC_IMPLICIT_RETAIN_SELF = YES;
				CLANG_WARN_OBJC_LITERAL_CONVERSION = YES;
				CLANG_WARN_OBJC_ROOT_CLASS = YES_ERROR;
				CLANG_WARN_QUOTED_INCLUDE_IN_FRAMEWORK_HEADER = YES;
				CLANG_WARN_RANGE_LOOP_ANALYSIS = YES;
				CLANG_WARN_STRICT_PROTOTYPES = YES;
				CLANG_WARN_SUSPICIOUS_MOVE = YES;
				CLANG_WARN_UNGUARDED_AVAILABILITY = YES_AGGRESSIVE;
				CLANG_WARN_UNREACHABLE_CODE = YES;
				CLANG_WARN__DUPLICATE_METHOD_MATCH = YES;
				COPY_PHASE_STRIP = NO;
				DEBUG_INFORMATION_FORMAT = "dwarf-with-dsym";
				ENABLE_NS_ASSERTIONS = NO;
				ENABLE_STRICT_OBJC_MSGSEND = YES;
				GCC_C_LANGUAGE_STANDARD = gnu11;
				GCC_NO_COMMON_BLOCKS = YES;
				GCC_WARN_64_TO_32_BIT_CONVERSION = YES;
				GCC_WARN_ABOUT_RETURN_TYPE = YES_ERROR;
				GCC_WARN_UNDECLARED_SELECTOR = YES;
				GCC_WARN_UNINITIALIZED_AUTOS = YES_AGGRESSIVE;
				GCC_WARN_UNUSED_FUNCTION = YES;
				GCC_WARN_UNUSED_VARIABLE = YES;
				IPHONEOS_DEPLOYMENT_TARGET = 16.4;
				MTL_ENABLE_DEBUG_INFO = NO;
				MTL_FAST_MATH = YES;
				SDKROOT = iphoneos;
				SWIFT_COMPILATION_MODE = wholemodule;
				SWIFT_OPTIMIZATION_LEVEL = "-O";
				VALIDATE_PRODUCT = YES;
			};
			name = Release;
		};
		3CEBDF1D2AA7FDD90007A59E /* Debug */ = {
			isa = XCBuildConfiguration;
			buildSettings = {
				ASSETCATALOG_COMPILER_APPICON_NAME = AppIcon;
				ASSETCATALOG_COMPILER_GLOBAL_ACCENT_COLOR_NAME = AccentColor;
				CODE_SIGN_STYLE = Automatic;
				CURRENT_PROJECT_VERSION = 1;
				DEVELOPMENT_TEAM = Z74KSCN7KN;
				GENERATE_INFOPLIST_FILE = YES;
				INFOPLIST_FILE = MarketCryptocoins/Info.plist;
				INFOPLIST_KEY_CFBundleDisplayName = "Market Cryptocoins";
				INFOPLIST_KEY_LSApplicationCategoryType = "public.app-category.finance";
				INFOPLIST_KEY_UIApplicationSupportsIndirectInputEvents = YES;
				INFOPLIST_KEY_UILaunchStoryboardName = LaunchScreen;
				INFOPLIST_KEY_UIMainStoryboardFile = Main;
				INFOPLIST_KEY_UISupportedInterfaceOrientations = UIInterfaceOrientationPortrait;
				INFOPLIST_KEY_UISupportedInterfaceOrientations_iPad = "UIInterfaceOrientationLandscapeLeft UIInterfaceOrientationLandscapeRight UIInterfaceOrientationPortrait UIInterfaceOrientationPortraitUpsideDown";
				IPHONEOS_DEPLOYMENT_TARGET = 13.0;
				LD_RUNPATH_SEARCH_PATHS = (
					"$(inherited)",
					"@executable_path/Frameworks",
				);
				MARKETING_VERSION = 1.0;
				PRODUCT_BUNDLE_IDENTIFIER = glaubergustavo.MarketCryptocoins;
				PRODUCT_NAME = "$(TARGET_NAME)";
				SUPPORTED_PLATFORMS = "iphoneos iphonesimulator";
				SUPPORTS_MACCATALYST = NO;
				SUPPORTS_MAC_DESIGNED_FOR_IPHONE_IPAD = NO;
				SWIFT_EMIT_LOC_STRINGS = YES;
				SWIFT_VERSION = 5.0;
				TARGETED_DEVICE_FAMILY = 1;
			};
			name = Debug;
		};
		3CEBDF1E2AA7FDD90007A59E /* Release */ = {
			isa = XCBuildConfiguration;
			buildSettings = {
				ASSETCATALOG_COMPILER_APPICON_NAME = AppIcon;
				ASSETCATALOG_COMPILER_GLOBAL_ACCENT_COLOR_NAME = AccentColor;
				CODE_SIGN_STYLE = Automatic;
				CURRENT_PROJECT_VERSION = 1;
				DEVELOPMENT_TEAM = Z74KSCN7KN;
				GENERATE_INFOPLIST_FILE = YES;
				INFOPLIST_FILE = MarketCryptocoins/Info.plist;
				INFOPLIST_KEY_CFBundleDisplayName = "Market Cryptocoins";
				INFOPLIST_KEY_LSApplicationCategoryType = "public.app-category.finance";
				INFOPLIST_KEY_UIApplicationSupportsIndirectInputEvents = YES;
				INFOPLIST_KEY_UILaunchStoryboardName = LaunchScreen;
				INFOPLIST_KEY_UIMainStoryboardFile = Main;
				INFOPLIST_KEY_UISupportedInterfaceOrientations = UIInterfaceOrientationPortrait;
				INFOPLIST_KEY_UISupportedInterfaceOrientations_iPad = "UIInterfaceOrientationLandscapeLeft UIInterfaceOrientationLandscapeRight UIInterfaceOrientationPortrait UIInterfaceOrientationPortraitUpsideDown";
				IPHONEOS_DEPLOYMENT_TARGET = 13.0;
				LD_RUNPATH_SEARCH_PATHS = (
					"$(inherited)",
					"@executable_path/Frameworks",
				);
				MARKETING_VERSION = 1.0;
				PRODUCT_BUNDLE_IDENTIFIER = glaubergustavo.MarketCryptocoins;
				PRODUCT_NAME = "$(TARGET_NAME)";
				SUPPORTED_PLATFORMS = "iphoneos iphonesimulator";
				SUPPORTS_MACCATALYST = NO;
				SUPPORTS_MAC_DESIGNED_FOR_IPHONE_IPAD = NO;
				SWIFT_EMIT_LOC_STRINGS = YES;
				SWIFT_VERSION = 5.0;
				TARGETED_DEVICE_FAMILY = 1;
			};
			name = Release;
		};
/* End XCBuildConfiguration section */

/* Begin XCConfigurationList section */
		3CEBDF032AA7FDD70007A59E /* Build configuration list for PBXProject "MarketCryptocoins" */ = {
			isa = XCConfigurationList;
			buildConfigurations = (
				3CEBDF1A2AA7FDD90007A59E /* Debug */,
				3CEBDF1B2AA7FDD90007A59E /* Release */,
			);
			defaultConfigurationIsVisible = 0;
			defaultConfigurationName = Release;
		};
		3CEBDF1C2AA7FDD90007A59E /* Build configuration list for PBXNativeTarget "MarketCryptocoins" */ = {
			isa = XCConfigurationList;
			buildConfigurations = (
				3CEBDF1D2AA7FDD90007A59E /* Debug */,
				3CEBDF1E2AA7FDD90007A59E /* Release */,
			);
			defaultConfigurationIsVisible = 0;
			defaultConfigurationName = Release;
		};
/* End XCConfigurationList section */

/* Begin XCRemoteSwiftPackageReference section */
		3CDFE54F2AC5238700AEC85C /* XCRemoteSwiftPackageReference "Charts" */ = {
			isa = XCRemoteSwiftPackageReference;
			repositoryURL = "https://github.com/danielgindi/Charts.git";
			requirement = {
				kind = upToNextMajorVersion;
				minimumVersion = 4.1.0;
			};
		};
/* End XCRemoteSwiftPackageReference section */

/* Begin XCSwiftPackageProductDependency section */
		3CDFE5502AC5238700AEC85C /* Charts */ = {
			isa = XCSwiftPackageProductDependency;
			package = 3CDFE54F2AC5238700AEC85C /* XCRemoteSwiftPackageReference "Charts" */;
			productName = Charts;
		};
/* End XCSwiftPackageProductDependency section */
	};
	rootObject = 3CEBDF002AA7FDD70007A59E /* Project object */;
}
